
Microsoft Visual Studio Solution File, Format Version 12.00
# Visual Studio Version 17
VisualStudioVersion = 17.9.34723.18
MinimumVisualStudioVersion = 10.0.40219.1
Project("{9A19103F-16F7-4668-BE54-9A1E7A4F7556}") = "DesafioScSaude", "DesafioScSaude\DesafioScSaude.csproj", "{6B6D0EDF-5BD2-4A7F-B8CB-DD2C897B4F47}"
EndProject
Project("{2150E333-8FDC-42A3-9474-1A3956D46DE8}") = "Solution Items", "Solution Items", "{A929DD17-918F-401B-8F7B-ADCBB1DAC622}"
	ProjectSection(SolutionItems) = preProject
		.editorconfig = .editorconfig
	EndProjectSection
EndProject
Project("{FAE04EC0-301F-11D3-BF4B-00C04F79EFBC}") = "TestProject1", "TestProject1\TestProject1.csproj", "{F5A2340C-F6E8-4985-82A8-5A6E777D8077}"
EndProject
Global
	GlobalSection(SolutionConfigurationPlatforms) = preSolution
		Debug|Any CPU = Debug|Any CPU
		Release|Any CPU = Release|Any CPU
	EndGlobalSection
	GlobalSection(ProjectConfigurationPlatforms) = postSolution
		{6B6D0EDF-5BD2-4A7F-B8CB-DD2C897B4F47}.Debug|Any CPU.ActiveCfg = Debug|Any CPU
		{6B6D0EDF-5BD2-4A7F-B8CB-DD2C897B4F47}.Debug|Any CPU.Build.0 = Debug|Any CPU
		{6B6D0EDF-5BD2-4A7F-B8CB-DD2C897B4F47}.Release|Any CPU.ActiveCfg = Release|Any CPU
		{6B6D0EDF-5BD2-4A7F-B8CB-DD2C897B4F47}.Release|Any CPU.Build.0 = Release|Any CPU
		{F5A2340C-F6E8-4985-82A8-5A6E777D8077}.Debug|Any CPU.ActiveCfg = Debug|Any CPU
		{F5A2340C-F6E8-4985-82A8-5A6E777D8077}.Debug|Any CPU.Build.0 = Debug|Any CPU
		{F5A2340C-F6E8-4985-82A8-5A6E777D8077}.Release|Any CPU.ActiveCfg = Release|Any CPU
		{F5A2340C-F6E8-4985-82A8-5A6E777D8077}.Release|Any CPU.Build.0 = Release|Any CPU
	EndGlobalSection
	GlobalSection(SolutionProperties) = preSolution
		HideSolutionNode = FALSE
	EndGlobalSection
	GlobalSection(ExtensibilityGlobals) = postSolution
		SolutionGuid = {D999B481-5B81-411B-B20F-D13E1EE284AE}
	EndGlobalSection
EndGlobal
